
Microsoft Visual Studio Solution File, Format Version 12.00
# Visual Studio Version 16
VisualStudioVersion = 16.0.29920.165
MinimumVisualStudioVersion = 10.0.40219.1
Project("{FAE04EC0-301F-11D3-BF4B-00C04F79EFBC}") = "Encriptador", "Encriptador.csproj", "{69B282E6-E75B-4D44-845B-6425363CC8B4}"
EndProject
Global
	GlobalSection(SolutionConfigurationPlatforms) = preSolution
		Debug|Any CPU = Debug|Any CPU
		Release|Any CPU = Release|Any CPU
	EndGlobalSection
	GlobalSection(ProjectConfigurationPlatforms) = postSolution
		{69B282E6-E75B-4D44-845B-6425363CC8B4}.Debug|Any CPU.ActiveCfg = Debug|Any CPU
		{69B282E6-E75B-4D44-845B-6425363CC8B4}.Debug|Any CPU.Build.0 = Debug|Any CPU
		{69B282E6-E75B-4D44-845B-6425363CC8B4}.Release|Any CPU.ActiveCfg = Release|Any CPU
		{69B282E6-E75B-4D44-845B-6425363CC8B4}.Release|Any CPU.Build.0 = Release|Any CPU
	EndGlobalSection
	GlobalSection(SolutionProperties) = preSolution
		HideSolutionNode = FALSE
	EndGlobalSection
	GlobalSection(ExtensibilityGlobals) = postSolution
		SolutionGuid = {88705E9A-46F0-40FC-A880-62E79CB1769C}
	EndGlobalSection
EndGlobal
